
Microsoft Visual Studio Solution File, Format Version 12.00
# Visual Studio Version 16
VisualStudioVersion = 16.0.29613.14
MinimumVisualStudioVersion = 10.0.40219.1
Project("{FAE04EC0-301F-11D3-BF4B-00C04F79EFBC}") = "BioAttendance", "BioAttendance\BioAttendance.csproj", "{2691D693-3E0C-4250-845B-7FD971F88858}"
EndProject
Global
	GlobalSection(SolutionConfigurationPlatforms) = preSolution
		Debug|Any CPU = Debug|Any CPU
		Release|Any CPU = Release|Any CPU
	EndGlobalSection
	GlobalSection(ProjectConfigurationPlatforms) = postSolution
		{2691D693-3E0C-4250-845B-7FD971F88858}.Debug|Any CPU.ActiveCfg = Debug|Any CPU
		{2691D693-3E0C-4250-845B-7FD971F88858}.Debug|Any CPU.Build.0 = Debug|Any CPU
		{2691D693-3E0C-4250-845B-7FD971F88858}.Release|Any CPU.ActiveCfg = Release|Any CPU
		{2691D693-3E0C-4250-845B-7FD971F88858}.Release|Any CPU.Build.0 = Release|Any CPU
	EndGlobalSection
	GlobalSection(SolutionProperties) = preSolution
		HideSolutionNode = FALSE
	EndGlobalSection
	GlobalSection(ExtensibilityGlobals) = postSolution
		SolutionGuid = {EE22B9BC-78E5-4674-8FD8-0669C0293F61}
	EndGlobalSection
EndGlobal
